// !$*UTF8*$!
{
	archiveVersion = 1;
	classes = {
	};
	objectVersion = 77;
	objects = {

/* Begin PBXBuildFile section */
		BB10000000000000000000B3 /* FilmPlayback in Frameworks */ = {isa = PBXBuildFile; productRef = BB10000000000000000000B2 /* FilmPlayback */; };
/* End PBXBuildFile section */

/* Begin PBXFileReference section */
		BB10000000000000000000A4 /* FilmLabTV.app */ = {isa = PBXFileReference; explicitFileType = wrapper.application; includeInIndex = 0; path = FilmLabTV.app; sourceTree = BUILT_PRODUCTS_DIR; };
/* End PBXFileReference section */

/* Begin PBXFileSystemSynchronizedRootGroup section */
		BB10000000000000000000A5 /* FilmLabTV */ = {isa = PBXFileSystemSynchronizedRootGroup; path = FilmLabTV; sourceTree = "<group>"; };
/* End PBXFileSystemSynchronizedRootGroup section */

/* Begin PBXFrameworksBuildPhase section */
		BB10000000000000000000C1 /* Frameworks */ = {
			isa = PBXFrameworksBuildPhase;
			buildActionMask = 2147483647;
			files = (
				BB10000000000000000000B3 /* FilmPlayback in Frameworks */,
			);
			runOnlyForDeploymentPostprocessing = 0;
		};
/* End PBXFrameworksBuildPhase section */

/* Begin PBXGroup section */
		BB10000000000000000000A1 = {
			isa = PBXGroup;
			children = (
				BB10000000000000000000A5 /* FilmLabTV */,
				BB10000000000000000000A3 /* Products */,
			);
			sourceTree = "<group>";
		};
		BB10000000000000000000A3 /* Products */ = {
			isa = PBXGroup;
			children = (
				BB10000000000000000000A4 /* FilmLabTV.app */,
			);
			name = Products;
			sourceTree = "<group>";
		};
/* End PBXGroup section */

/* Begin PBXNativeTarget section */
		BB10000000000000000000D1 /* FilmLabTV */ = {
			isa = PBXNativeTarget;
			buildConfigurationList = BB10000000000000000000E3 /* Build configuration list for PBXNativeTarget "FilmLabTV" */;
			buildPhases = (
				BB10000000000000000000C2 /* Sources */,
				BB10000000000000000000C1 /* Frameworks */,
				BB10000000000000000000C3 /* Resources */,
			);
			buildRules = (
			);
			dependencies = (
			);
			fileSystemSynchronizedGroups = (
				BB10000000000000000000A5 /* FilmLabTV */,
			);
			name = FilmLabTV;
			packageProductDependencies = (
				BB10000000000000000000B2 /* FilmPlayback */,
			);
			productName = FilmLabTV;
			productReference = BB10000000000000000000A4 /* FilmLabTV.app */;
			productType = "com.apple.product-type.application";
		};
/* End PBXNativeTarget section */

/* Begin PBXProject section */
		BB10000000000000000000A0 /* Project object */ = {
			isa = PBXProject;
			attributes = {
				BuildIndependentTargetsInParallel = 1;
				LastSwiftUpdateCheck = 2700;
				LastUpgradeCheck = 2700;
			};
			buildConfigurationList = BB10000000000000000000E1 /* Build configuration list for PBXProject "FilmLabTV" */;
			developmentRegion = en;
			hasScannedForEncodings = 0;
			knownRegions = (
				en,
				Base,
			);
			mainGroup = BB10000000000000000000A1;
			minimizedProjectReferenceProxies = 1;
			packageReferences = (
				BB10000000000000000000B1 /* XCLocalSwiftPackageReference ".." */,
			);
			preferredProjectObjectVersion = 77;
			productRefGroup = BB10000000000000000000A3 /* Products */;
			projectDirPath = "";
			projectRoot = "";
			targets = (
				BB10000000000000000000D1 /* FilmLabTV */,
			);
		};
/* End PBXProject section */

/* Begin PBXResourcesBuildPhase section */
		BB10000000000000000000C3 /* Resources */ = {
			isa = PBXResourcesBuildPhase;
			buildActionMask = 2147483647;
			files = (
			);
			runOnlyForDeploymentPostprocessing = 0;
		};
/* End PBXResourcesBuildPhase section */

/* Begin PBXSourcesBuildPhase section */
		BB10000000000000000000C2 /* Sources */ = {
			isa = PBXSourcesBuildPhase;
			buildActionMask = 2147483647;
			files = (
			);
			runOnlyForDeploymentPostprocessing = 0;
		};
/* End PBXSourcesBuildPhase section */

/* Begin XCBuildConfiguration section */
		BB10000000000000000000F1 /* Debug */ = {
			isa = XCBuildConfiguration;
			buildSettings = {
				ALWAYS_SEARCH_USER_PATHS = NO;
				CLANG_ENABLE_MODULES = YES;
				DEBUG_INFORMATION_FORMAT = dwarf;
				ENABLE_TESTABILITY = YES;
				GCC_OPTIMIZATION_LEVEL = 0;
				ONLY_ACTIVE_ARCH = YES;
				SDKROOT = appletvos;
				SWIFT_ACTIVE_COMPILATION_CONDITIONS = "DEBUG $(inherited)";
				SWIFT_OPTIMIZATION_LEVEL = "-Onone";
				TVOS_DEPLOYMENT_TARGET = 26.0;
			};
			name = Debug;
		};
		BB10000000000000000000F2 /* Release */ = {
			isa = XCBuildConfiguration;
			buildSettings = {
				ALWAYS_SEARCH_USER_PATHS = NO;
				CLANG_ENABLE_MODULES = YES;
				DEBUG_INFORMATION_FORMAT = "dwarf-with-dsym";
				SDKROOT = appletvos;
				SWIFT_COMPILATION_MODE = wholemodule;
				TVOS_DEPLOYMENT_TARGET = 26.0;
				VALIDATE_PRODUCT = YES;
			};
			name = Release;
		};
		BB10000000000000000000F3 /* Debug */ = {
			isa = XCBuildConfiguration;
			buildSettings = {
				CODE_SIGN_STYLE = Automatic;
				CURRENT_PROJECT_VERSION = 1;
				GENERATE_INFOPLIST_FILE = YES;
				INFOPLIST_KEY_CFBundleDisplayName = "Film Lab";
				INFOPLIST_KEY_UILaunchScreen_Generation = YES;
				LD_RUNPATH_SEARCH_PATHS = (
					"$(inherited)",
					"@executable_path/Frameworks",
				);
				MARKETING_VERSION = 0.1;
				OTHER_LDFLAGS = (
					"$(inherited)",
					"-framework",
					AVKit,
				);
				PRODUCT_BUNDLE_IDENTIFIER = com.illixion.filmlab;
				PRODUCT_NAME = "$(TARGET_NAME)";
				SWIFT_VERSION = 6.0;
				TARGETED_DEVICE_FAMILY = 3;
			};
			name = Debug;
		};
		BB10000000000000000000F4 /* Release */ = {
			isa = XCBuildConfiguration;
			buildSettings = {
				CODE_SIGN_STYLE = Automatic;
				CURRENT_PROJECT_VERSION = 1;
				GENERATE_INFOPLIST_FILE = YES;
				INFOPLIST_KEY_CFBundleDisplayName = "Film Lab";
				INFOPLIST_KEY_UILaunchScreen_Generation = YES;
				LD_RUNPATH_SEARCH_PATHS = (
					"$(inherited)",
					"@executable_path/Frameworks",
				);
				MARKETING_VERSION = 0.1;
				OTHER_LDFLAGS = (
					"$(inherited)",
					"-framework",
					AVKit,
				);
				PRODUCT_BUNDLE_IDENTIFIER = com.illixion.filmlab;
				PRODUCT_NAME = "$(TARGET_NAME)";
				SWIFT_VERSION = 6.0;
				TARGETED_DEVICE_FAMILY = 3;
			};
			name = Release;
		};
/* End XCBuildConfiguration section */

/* Begin XCConfigurationList section */
		BB10000000000000000000E1 /* Build configuration list for PBXProject "FilmLabTV" */ = {
			isa = XCConfigurationList;
			buildConfigurations = (
				BB10000000000000000000F1 /* Debug */,
				BB10000000000000000000F2 /* Release */,
			);
			defaultConfigurationIsVisible = 0;
			defaultConfigurationName = Release;
		};
		BB10000000000000000000E3 /* Build configuration list for PBXNativeTarget "FilmLabTV" */ = {
			isa = XCConfigurationList;
			buildConfigurations = (
				BB10000000000000000000F3 /* Debug */,
				BB10000000000000000000F4 /* Release */,
			);
			defaultConfigurationIsVisible = 0;
			defaultConfigurationName = Release;
		};
/* End XCConfigurationList section */

/* Begin XCLocalSwiftPackageReference section */
		BB10000000000000000000B1 /* XCLocalSwiftPackageReference ".." */ = {
			isa = XCLocalSwiftPackageReference;
			relativePath = ..;
		};
/* End XCLocalSwiftPackageReference section */

/* Begin XCSwiftPackageProductDependency section */
		BB10000000000000000000B2 /* FilmPlayback */ = {
			isa = XCSwiftPackageProductDependency;
			productName = FilmPlayback;
		};
/* End XCSwiftPackageProductDependency section */
	};
	rootObject = BB10000000000000000000A0 /* Project object */;
}
